
Microsoft Visual Studio Solution File, Format Version 12.00
# Visual Studio Version 16
VisualStudioVersion = 16.0.33529.622
MinimumVisualStudioVersion = 10.0.40219.1
Project("{FAE04EC0-301F-11D3-BF4B-00C04F79EFBC}") = "WebApplicationmvc", "WebApplicationmvc\WebApplicationmvc.csproj", "{375206F6-259C-48EE-B5D6-3C6E992A788A}"
EndProject
Global
	GlobalSection(SolutionConfigurationPlatforms) = preSolution
		Debug|Any CPU = Debug|Any CPU
		Release|Any CPU = Release|Any CPU
	EndGlobalSection
	GlobalSection(ProjectConfigurationPlatforms) = postSolution
		{375206F6-259C-48EE-B5D6-3C6E992A788A}.Debug|Any CPU.ActiveCfg = Debug|Any CPU
		{375206F6-259C-48EE-B5D6-3C6E992A788A}.Debug|Any CPU.Build.0 = Debug|Any CPU
		{375206F6-259C-48EE-B5D6-3C6E992A788A}.Release|Any CPU.ActiveCfg = Release|Any CPU
		{375206F6-259C-48EE-B5D6-3C6E992A788A}.Release|Any CPU.Build.0 = Release|Any CPU
	EndGlobalSection
	GlobalSection(SolutionProperties) = preSolution
		HideSolutionNode = FALSE
	EndGlobalSection
	GlobalSection(ExtensibilityGlobals) = postSolution
		SolutionGuid = {9DECB3B4-562D-4734-BA3E-39B48769E71A}
	EndGlobalSection
EndGlobal
